
Microsoft Visual Studio Solution File, Format Version 12.00
# Visual Studio Version 17
VisualStudioVersion = 17.4.33110.190
MinimumVisualStudioVersion = 10.0.40219.1
Project("{FAE04EC0-301F-11D3-BF4B-00C04F79EFBC}") = "GitApp", "GitApp\GitApp.csproj", "{31193EBC-1868-4876-B360-3A929C598CA7}"
EndProject
Global
	GlobalSection(SolutionConfigurationPlatforms) = preSolution
		Debug|Any CPU = Debug|Any CPU
		Release|Any CPU = Release|Any CPU
	EndGlobalSection
	GlobalSection(ProjectConfigurationPlatforms) = postSolution
		{31193EBC-1868-4876-B360-3A929C598CA7}.Debug|Any CPU.ActiveCfg = Debug|Any CPU
		{31193EBC-1868-4876-B360-3A929C598CA7}.Debug|Any CPU.Build.0 = Debug|Any CPU
		{31193EBC-1868-4876-B360-3A929C598CA7}.Release|Any CPU.ActiveCfg = Release|Any CPU
		{31193EBC-1868-4876-B360-3A929C598CA7}.Release|Any CPU.Build.0 = Release|Any CPU
	EndGlobalSection
	GlobalSection(SolutionProperties) = preSolution
		HideSolutionNode = FALSE
	EndGlobalSection
	GlobalSection(ExtensibilityGlobals) = postSolution
		SolutionGuid = {EB4280AD-FA8B-444F-95B1-4BBF39FAE5AC}
	EndGlobalSection
EndGlobal
